
Microsoft Visual Studio Solution File, Format Version 12.00
# Visual Studio 15
VisualStudioVersion = 15.0.28307.106
MinimumVisualStudioVersion = 10.0.40219.1
Project("{2150E333-8FDC-42A3-9474-1A3956D46DE8}") = "src", "src", "{7AAD5070-3D82-44B1-9686-DB839A7AE3FC}"
EndProject
Project("{2150E333-8FDC-42A3-9474-1A3956D46DE8}") = "tests", "tests", "{B8AF9BB6-6313-439F-8572-05454CFB280F}"
EndProject
Project("{9A19103F-16F7-4668-BE54-9A1E7A4F7556}") = "BusinessParties.Domain", "src\BusinessParties.Domain\BusinessParties.Domain.csproj", "{4B7543C4-DF23-4ADD-AAF2-835D1B06650E}"
EndProject
Project("{2150E333-8FDC-42A3-9474-1A3956D46DE8}") = "Domain", "Domain", "{096F0FFA-2A27-4542-B11B-9587D77C43A0}"
EndProject
Project("{2150E333-8FDC-42A3-9474-1A3956D46DE8}") = "Infrastrcture", "Infrastrcture", "{B6F2AC1C-3A6B-4913-8BED-E6806065C981}"
EndProject
Project("{FAE04EC0-301F-11D3-BF4B-00C04F79EFBC}") = "BusinessParties.Persistence.NH", "src\BusinessParties.Persistence.NH\BusinessParties.Persistence.NH.csproj", "{6944F2DB-3895-40FB-8FED-E015A14DC8C9}"
EndProject
Project("{FAE04EC0-301F-11D3-BF4B-00C04F79EFBC}") = "BusinessParties.Persistence.NH.Tests.Integration", "tests\BusinessParties.Persistence.NH.Tests.Integration\BusinessParties.Persistence.NH.Tests.Integration.csproj", "{3F5D8076-2321-4BC6-945A-EAF0D6BEB588}"
EndProject
Global
	GlobalSection(SolutionConfigurationPlatforms) = preSolution
		Debug|Any CPU = Debug|Any CPU
		Release|Any CPU = Release|Any CPU
	EndGlobalSection
	GlobalSection(ProjectConfigurationPlatforms) = postSolution
		{4B7543C4-DF23-4ADD-AAF2-835D1B06650E}.Debug|Any CPU.ActiveCfg = Debug|Any CPU
		{4B7543C4-DF23-4ADD-AAF2-835D1B06650E}.Debug|Any CPU.Build.0 = Debug|Any CPU
		{4B7543C4-DF23-4ADD-AAF2-835D1B06650E}.Release|Any CPU.ActiveCfg = Release|Any CPU
		{4B7543C4-DF23-4ADD-AAF2-835D1B06650E}.Release|Any CPU.Build.0 = Release|Any CPU
		{6944F2DB-3895-40FB-8FED-E015A14DC8C9}.Debug|Any CPU.ActiveCfg = Debug|Any CPU
		{6944F2DB-3895-40FB-8FED-E015A14DC8C9}.Debug|Any CPU.Build.0 = Debug|Any CPU
		{6944F2DB-3895-40FB-8FED-E015A14DC8C9}.Release|Any CPU.ActiveCfg = Release|Any CPU
		{6944F2DB-3895-40FB-8FED-E015A14DC8C9}.Release|Any CPU.Build.0 = Release|Any CPU
		{3F5D8076-2321-4BC6-945A-EAF0D6BEB588}.Debug|Any CPU.ActiveCfg = Debug|Any CPU
		{3F5D8076-2321-4BC6-945A-EAF0D6BEB588}.Debug|Any CPU.Build.0 = Debug|Any CPU
		{3F5D8076-2321-4BC6-945A-EAF0D6BEB588}.Release|Any CPU.ActiveCfg = Release|Any CPU
		{3F5D8076-2321-4BC6-945A-EAF0D6BEB588}.Release|Any CPU.Build.0 = Release|Any CPU
	EndGlobalSection
	GlobalSection(SolutionProperties) = preSolution
		HideSolutionNode = FALSE
	EndGlobalSection
	GlobalSection(NestedProjects) = preSolution
		{4B7543C4-DF23-4ADD-AAF2-835D1B06650E} = {096F0FFA-2A27-4542-B11B-9587D77C43A0}
		{096F0FFA-2A27-4542-B11B-9587D77C43A0} = {7AAD5070-3D82-44B1-9686-DB839A7AE3FC}
		{B6F2AC1C-3A6B-4913-8BED-E6806065C981} = {7AAD5070-3D82-44B1-9686-DB839A7AE3FC}
		{6944F2DB-3895-40FB-8FED-E015A14DC8C9} = {B6F2AC1C-3A6B-4913-8BED-E6806065C981}
		{3F5D8076-2321-4BC6-945A-EAF0D6BEB588} = {B8AF9BB6-6313-439F-8572-05454CFB280F}
	EndGlobalSection
	GlobalSection(ExtensibilityGlobals) = postSolution
		SolutionGuid = {32EBAADB-7D42-4D58-A5F8-D997D691CD53}
	EndGlobalSection
EndGlobal
