
Microsoft Visual Studio Solution File, Format Version 12.00
# Visual Studio 15
VisualStudioVersion = 15.0.28307.106
MinimumVisualStudioVersion = 10.0.40219.1
Project("{9A19103F-16F7-4668-BE54-9A1E7A4F7556}") = "AuctionManagement.Domain", "src\AuctionManagement.Domain\AuctionManagement.Domain.csproj", "{FB6520C4-AE9B-4023-98FC-E7266D036C41}"
EndProject
Project("{2150E333-8FDC-42A3-9474-1A3956D46DE8}") = "Domain", "Domain", "{DA343965-CB3A-42C5-A6B8-E76DAED352AC}"
EndProject
Project("{9A19103F-16F7-4668-BE54-9A1E7A4F7556}") = "AuctionManagement.Domain.Tests.Unit", "tests\AuctionManagement.Domain.Tests.Unit\AuctionManagement.Domain.Tests.Unit.csproj", "{732FC34B-BAF1-4AFA-8D3D-F8028DD82A57}"
EndProject
Project("{2150E333-8FDC-42A3-9474-1A3956D46DE8}") = "src", "src", "{EFCD16EA-78E5-46D2-B091-F3F94E40C610}"
EndProject
Project("{2150E333-8FDC-42A3-9474-1A3956D46DE8}") = "tests", "tests", "{6684A84E-3DE8-40D4-82D1-9CEC8869C8B0}"
EndProject
Project("{2150E333-8FDC-42A3-9474-1A3956D46DE8}") = "utils", "utils", "{148EF952-3747-4316-8803-7987624F1D7E}"
EndProject
Project("{9A19103F-16F7-4668-BE54-9A1E7A4F7556}") = "AuctionManagement.Domain.TestsUtil", "tests\AuctionManagement.Domain.TestsUtil\AuctionManagement.Domain.TestsUtil.csproj", "{73A2B306-3F9B-42C9-B032-1BB16566725D}"
EndProject
Project("{2150E333-8FDC-42A3-9474-1A3956D46DE8}") = "Infrastructure", "Infrastructure", "{C964CFCC-B783-487F-931D-83247CB488FF}"
EndProject
Project("{9A19103F-16F7-4668-BE54-9A1E7A4F7556}") = "AuctionManagement.Persistence.ES", "src\AuctionManagement.Persistence.ES\AuctionManagement.Persistence.ES.csproj", "{1DBF309E-CA3D-4F12-A4A2-1BA4536EF3CC}"
EndProject
Project("{9A19103F-16F7-4668-BE54-9A1E7A4F7556}") = "AuctionManagement.Persistence.ES.Tests.Integration", "tests\AuctionManagement.Persistence.ES.Tests.Integration\AuctionManagement.Persistence.ES.Tests.Integration.csproj", "{32FAEFEE-B5AE-4AEF-82AB-8DDAE19151A8}"
EndProject
Project("{2150E333-8FDC-42A3-9474-1A3956D46DE8}") = "Application", "Application", "{FD735D03-32AE-4420-8527-713A18C29B33}"
EndProject
Project("{2150E333-8FDC-42A3-9474-1A3956D46DE8}") = "Gateways", "Gateways", "{85D3FFBF-2AA1-485B-AC54-75F6F745F2B8}"
EndProject
Project("{9A19103F-16F7-4668-BE54-9A1E7A4F7556}") = "ServiceHost", "ServiceHost\ServiceHost.csproj", "{40D7AF2B-7B72-4E06-839C-E189E3D4DB5C}"
EndProject
Project("{9A19103F-16F7-4668-BE54-9A1E7A4F7556}") = "AuctionManagement.Gateways.RestApi", "src\AuctionManagement.Gateways.RestApi\AuctionManagement.Gateways.RestApi.csproj", "{CCF40E15-DC39-48D6-A217-07712CAC1FC1}"
EndProject
Project("{2150E333-8FDC-42A3-9474-1A3956D46DE8}") = "Auction", "Auction", "{277B5971-8B8A-417E-851C-E0662F73E24F}"
EndProject
Project("{2150E333-8FDC-42A3-9474-1A3956D46DE8}") = "syncs", "syncs", "{FC7DF73D-6F94-4F46-A0BB-9F25FF1556BB}"
EndProject
Project("{9A19103F-16F7-4668-BE54-9A1E7A4F7556}") = "Syncs.QueryModelSync", "Syncs.QueryModelSync\Syncs.QueryModelSync.csproj", "{4B7FF219-71C5-4C06-BAFD-2F99A98FB665}"
EndProject
Project("{FAE04EC0-301F-11D3-BF4B-00C04F79EFBC}") = "AuctionManagement.Domain.Contracts", "src\AuctionManagement.Domain.Contracts\AuctionManagement.Domain.Contracts.csproj", "{917CAEC6-4A42-43D2-BC85-41EBA0B88E70}"
EndProject
Project("{FAE04EC0-301F-11D3-BF4B-00C04F79EFBC}") = "Syncs.MessageDispatcher", "src\Syncs.MessageDispatcher\Syncs.MessageDispatcher.csproj", "{4C52FF9F-F7FD-45BA-BE5E-669161FCD4CA}"
EndProject
Global
	GlobalSection(SolutionConfigurationPlatforms) = preSolution
		Debug|Any CPU = Debug|Any CPU
		Release|Any CPU = Release|Any CPU
	EndGlobalSection
	GlobalSection(ProjectConfigurationPlatforms) = postSolution
		{FB6520C4-AE9B-4023-98FC-E7266D036C41}.Debug|Any CPU.ActiveCfg = Debug|Any CPU
		{FB6520C4-AE9B-4023-98FC-E7266D036C41}.Debug|Any CPU.Build.0 = Debug|Any CPU
		{FB6520C4-AE9B-4023-98FC-E7266D036C41}.Release|Any CPU.ActiveCfg = Release|Any CPU
		{FB6520C4-AE9B-4023-98FC-E7266D036C41}.Release|Any CPU.Build.0 = Release|Any CPU
		{732FC34B-BAF1-4AFA-8D3D-F8028DD82A57}.Debug|Any CPU.ActiveCfg = Debug|Any CPU
		{732FC34B-BAF1-4AFA-8D3D-F8028DD82A57}.Debug|Any CPU.Build.0 = Debug|Any CPU
		{732FC34B-BAF1-4AFA-8D3D-F8028DD82A57}.Release|Any CPU.ActiveCfg = Release|Any CPU
		{732FC34B-BAF1-4AFA-8D3D-F8028DD82A57}.Release|Any CPU.Build.0 = Release|Any CPU
		{73A2B306-3F9B-42C9-B032-1BB16566725D}.Debug|Any CPU.ActiveCfg = Debug|Any CPU
		{73A2B306-3F9B-42C9-B032-1BB16566725D}.Debug|Any CPU.Build.0 = Debug|Any CPU
		{73A2B306-3F9B-42C9-B032-1BB16566725D}.Release|Any CPU.ActiveCfg = Release|Any CPU
		{73A2B306-3F9B-42C9-B032-1BB16566725D}.Release|Any CPU.Build.0 = Release|Any CPU
		{1DBF309E-CA3D-4F12-A4A2-1BA4536EF3CC}.Debug|Any CPU.ActiveCfg = Debug|Any CPU
		{1DBF309E-CA3D-4F12-A4A2-1BA4536EF3CC}.Debug|Any CPU.Build.0 = Debug|Any CPU
		{1DBF309E-CA3D-4F12-A4A2-1BA4536EF3CC}.Release|Any CPU.ActiveCfg = Release|Any CPU
		{1DBF309E-CA3D-4F12-A4A2-1BA4536EF3CC}.Release|Any CPU.Build.0 = Release|Any CPU
		{32FAEFEE-B5AE-4AEF-82AB-8DDAE19151A8}.Debug|Any CPU.ActiveCfg = Debug|Any CPU
		{32FAEFEE-B5AE-4AEF-82AB-8DDAE19151A8}.Debug|Any CPU.Build.0 = Debug|Any CPU
		{32FAEFEE-B5AE-4AEF-82AB-8DDAE19151A8}.Release|Any CPU.ActiveCfg = Release|Any CPU
		{32FAEFEE-B5AE-4AEF-82AB-8DDAE19151A8}.Release|Any CPU.Build.0 = Release|Any CPU
		{40D7AF2B-7B72-4E06-839C-E189E3D4DB5C}.Debug|Any CPU.ActiveCfg = Debug|Any CPU
		{40D7AF2B-7B72-4E06-839C-E189E3D4DB5C}.Debug|Any CPU.Build.0 = Debug|Any CPU
		{40D7AF2B-7B72-4E06-839C-E189E3D4DB5C}.Release|Any CPU.ActiveCfg = Release|Any CPU
		{40D7AF2B-7B72-4E06-839C-E189E3D4DB5C}.Release|Any CPU.Build.0 = Release|Any CPU
		{CCF40E15-DC39-48D6-A217-07712CAC1FC1}.Debug|Any CPU.ActiveCfg = Debug|Any CPU
		{CCF40E15-DC39-48D6-A217-07712CAC1FC1}.Debug|Any CPU.Build.0 = Debug|Any CPU
		{CCF40E15-DC39-48D6-A217-07712CAC1FC1}.Release|Any CPU.ActiveCfg = Release|Any CPU
		{CCF40E15-DC39-48D6-A217-07712CAC1FC1}.Release|Any CPU.Build.0 = Release|Any CPU
		{4B7FF219-71C5-4C06-BAFD-2F99A98FB665}.Debug|Any CPU.ActiveCfg = Debug|Any CPU
		{4B7FF219-71C5-4C06-BAFD-2F99A98FB665}.Debug|Any CPU.Build.0 = Debug|Any CPU
		{4B7FF219-71C5-4C06-BAFD-2F99A98FB665}.Release|Any CPU.ActiveCfg = Release|Any CPU
		{4B7FF219-71C5-4C06-BAFD-2F99A98FB665}.Release|Any CPU.Build.0 = Release|Any CPU
		{917CAEC6-4A42-43D2-BC85-41EBA0B88E70}.Debug|Any CPU.ActiveCfg = Debug|Any CPU
		{917CAEC6-4A42-43D2-BC85-41EBA0B88E70}.Debug|Any CPU.Build.0 = Debug|Any CPU
		{917CAEC6-4A42-43D2-BC85-41EBA0B88E70}.Release|Any CPU.ActiveCfg = Release|Any CPU
		{917CAEC6-4A42-43D2-BC85-41EBA0B88E70}.Release|Any CPU.Build.0 = Release|Any CPU
		{4C52FF9F-F7FD-45BA-BE5E-669161FCD4CA}.Debug|Any CPU.ActiveCfg = Debug|Any CPU
		{4C52FF9F-F7FD-45BA-BE5E-669161FCD4CA}.Debug|Any CPU.Build.0 = Debug|Any CPU
		{4C52FF9F-F7FD-45BA-BE5E-669161FCD4CA}.Release|Any CPU.ActiveCfg = Release|Any CPU
		{4C52FF9F-F7FD-45BA-BE5E-669161FCD4CA}.Release|Any CPU.Build.0 = Release|Any CPU
	EndGlobalSection
	GlobalSection(SolutionProperties) = preSolution
		HideSolutionNode = FALSE
	EndGlobalSection
	GlobalSection(NestedProjects) = preSolution
		{FB6520C4-AE9B-4023-98FC-E7266D036C41} = {DA343965-CB3A-42C5-A6B8-E76DAED352AC}
		{DA343965-CB3A-42C5-A6B8-E76DAED352AC} = {277B5971-8B8A-417E-851C-E0662F73E24F}
		{732FC34B-BAF1-4AFA-8D3D-F8028DD82A57} = {6684A84E-3DE8-40D4-82D1-9CEC8869C8B0}
		{148EF952-3747-4316-8803-7987624F1D7E} = {6684A84E-3DE8-40D4-82D1-9CEC8869C8B0}
		{73A2B306-3F9B-42C9-B032-1BB16566725D} = {148EF952-3747-4316-8803-7987624F1D7E}
		{C964CFCC-B783-487F-931D-83247CB488FF} = {277B5971-8B8A-417E-851C-E0662F73E24F}
		{1DBF309E-CA3D-4F12-A4A2-1BA4536EF3CC} = {C964CFCC-B783-487F-931D-83247CB488FF}
		{32FAEFEE-B5AE-4AEF-82AB-8DDAE19151A8} = {6684A84E-3DE8-40D4-82D1-9CEC8869C8B0}
		{FD735D03-32AE-4420-8527-713A18C29B33} = {277B5971-8B8A-417E-851C-E0662F73E24F}
		{85D3FFBF-2AA1-485B-AC54-75F6F745F2B8} = {277B5971-8B8A-417E-851C-E0662F73E24F}
		{CCF40E15-DC39-48D6-A217-07712CAC1FC1} = {85D3FFBF-2AA1-485B-AC54-75F6F745F2B8}
		{277B5971-8B8A-417E-851C-E0662F73E24F} = {EFCD16EA-78E5-46D2-B091-F3F94E40C610}
		{FC7DF73D-6F94-4F46-A0BB-9F25FF1556BB} = {EFCD16EA-78E5-46D2-B091-F3F94E40C610}
		{4B7FF219-71C5-4C06-BAFD-2F99A98FB665} = {FC7DF73D-6F94-4F46-A0BB-9F25FF1556BB}
		{917CAEC6-4A42-43D2-BC85-41EBA0B88E70} = {DA343965-CB3A-42C5-A6B8-E76DAED352AC}
		{4C52FF9F-F7FD-45BA-BE5E-669161FCD4CA} = {FC7DF73D-6F94-4F46-A0BB-9F25FF1556BB}
	EndGlobalSection
	GlobalSection(ExtensibilityGlobals) = postSolution
		SolutionGuid = {70F25CD6-CD7C-4EBE-BBB0-7CBFD7518646}
	EndGlobalSection
EndGlobal
